
Microsoft Visual Studio Solution File, Format Version 12.00
# Visual Studio Version 17
VisualStudioVersion = 17.5.33502.453
MinimumVisualStudioVersion = 10.0.40219.1
Project("{9A19103F-16F7-4668-BE54-9A1E7A4F7556}") = "Core", "Core\Core.csproj", "{19A21142-6E19-49EF-8342-A0997BFE091D}"
EndProject
Project("{9A19103F-16F7-4668-BE54-9A1E7A4F7556}") = "Infrastructure", "Infraestructure\Infrastructure.csproj", "{71687A6F-5B81-451C-8067-C5F75441E03C}"
EndProject
Project("{9A19103F-16F7-4668-BE54-9A1E7A4F7556}") = "Api", "Api\Api.csproj", "{F338B8EE-9123-4557-BC0D-6E5849E0583F}"
EndProject
Project("{E53339B2-1760-4266-BCC7-CA923CBCF16C}") = "docker-compose", "docker-compose.dcproj", "{FF42DE61-1951-4C8B-A891-608CC065C223}"
EndProject
Global
	GlobalSection(SolutionConfigurationPlatforms) = preSolution
		Debug|Any CPU = Debug|Any CPU
		Release|Any CPU = Release|Any CPU
	EndGlobalSection
	GlobalSection(ProjectConfigurationPlatforms) = postSolution
		{19A21142-6E19-49EF-8342-A0997BFE091D}.Debug|Any CPU.ActiveCfg = Debug|Any CPU
		{19A21142-6E19-49EF-8342-A0997BFE091D}.Debug|Any CPU.Build.0 = Debug|Any CPU
		{19A21142-6E19-49EF-8342-A0997BFE091D}.Release|Any CPU.ActiveCfg = Release|Any CPU
		{19A21142-6E19-49EF-8342-A0997BFE091D}.Release|Any CPU.Build.0 = Release|Any CPU
		{71687A6F-5B81-451C-8067-C5F75441E03C}.Debug|Any CPU.ActiveCfg = Debug|Any CPU
		{71687A6F-5B81-451C-8067-C5F75441E03C}.Debug|Any CPU.Build.0 = Debug|Any CPU
		{71687A6F-5B81-451C-8067-C5F75441E03C}.Release|Any CPU.ActiveCfg = Release|Any CPU
		{71687A6F-5B81-451C-8067-C5F75441E03C}.Release|Any CPU.Build.0 = Release|Any CPU
		{F338B8EE-9123-4557-BC0D-6E5849E0583F}.Debug|Any CPU.ActiveCfg = Debug|Any CPU
		{F338B8EE-9123-4557-BC0D-6E5849E0583F}.Debug|Any CPU.Build.0 = Debug|Any CPU
		{F338B8EE-9123-4557-BC0D-6E5849E0583F}.Release|Any CPU.ActiveCfg = Release|Any CPU
		{F338B8EE-9123-4557-BC0D-6E5849E0583F}.Release|Any CPU.Build.0 = Release|Any CPU
		{FF42DE61-1951-4C8B-A891-608CC065C223}.Debug|Any CPU.ActiveCfg = Debug|Any CPU
		{FF42DE61-1951-4C8B-A891-608CC065C223}.Debug|Any CPU.Build.0 = Debug|Any CPU
		{FF42DE61-1951-4C8B-A891-608CC065C223}.Release|Any CPU.ActiveCfg = Release|Any CPU
		{FF42DE61-1951-4C8B-A891-608CC065C223}.Release|Any CPU.Build.0 = Release|Any CPU
	EndGlobalSection
	GlobalSection(SolutionProperties) = preSolution
		HideSolutionNode = FALSE
	EndGlobalSection
	GlobalSection(ExtensibilityGlobals) = postSolution
		SolutionGuid = {BAC38B9B-DE56-4488-B7AB-69DA5AE0C4C6}
	EndGlobalSection
EndGlobal
